
Microsoft Visual Studio Solution File, Format Version 12.00
# Visual Studio Version 16
VisualStudioVersion = 16.0.30523.141
MinimumVisualStudioVersion = 10.0.40219.1
Project("{9A19103F-16F7-4668-BE54-9A1E7A4F7556}") = "lb7_task4", "lb7_task4.csproj", "{330B39B6-DD7C-40EE-BC74-8032DDC84231}"
EndProject
Global
	GlobalSection(SolutionConfigurationPlatforms) = preSolution
		Debug|Any CPU = Debug|Any CPU
		Release|Any CPU = Release|Any CPU
	EndGlobalSection
	GlobalSection(ProjectConfigurationPlatforms) = postSolution
		{330B39B6-DD7C-40EE-BC74-8032DDC84231}.Debug|Any CPU.ActiveCfg = Debug|Any CPU
		{330B39B6-DD7C-40EE-BC74-8032DDC84231}.Debug|Any CPU.Build.0 = Debug|Any CPU
		{330B39B6-DD7C-40EE-BC74-8032DDC84231}.Release|Any CPU.ActiveCfg = Release|Any CPU
		{330B39B6-DD7C-40EE-BC74-8032DDC84231}.Release|Any CPU.Build.0 = Release|Any CPU
	EndGlobalSection
	GlobalSection(SolutionProperties) = preSolution
		HideSolutionNode = FALSE
	EndGlobalSection
	GlobalSection(ExtensibilityGlobals) = postSolution
		SolutionGuid = {1500EB69-9266-464C-866A-0CF8FBF1512B}
	EndGlobalSection
EndGlobal
